
Microsoft Visual Studio Solution File, Format Version 12.00
# Visual Studio Version 17
VisualStudioVersion = 17.11.35431.28
MinimumVisualStudioVersion = 10.0.40219.1
Project("{888888A0-9F3D-457C-B088-3A5042F75D52}") = "YSETool", "YSETool.pyproj", "{9C37C3BA-CBAD-412C-ADC2-CA70F280F8E3}"
EndProject
Global
	GlobalSection(SolutionConfigurationPlatforms) = preSolution
		Debug|Any CPU = Debug|Any CPU
		Release|Any CPU = Release|Any CPU
	EndGlobalSection
	GlobalSection(ProjectConfigurationPlatforms) = postSolution
		{9C37C3BA-CBAD-412C-ADC2-CA70F280F8E3}.Debug|Any CPU.ActiveCfg = Debug|Any CPU
		{9C37C3BA-CBAD-412C-ADC2-CA70F280F8E3}.Release|Any CPU.ActiveCfg = Release|Any CPU
	EndGlobalSection
	GlobalSection(SolutionProperties) = preSolution
		HideSolutionNode = FALSE
	EndGlobalSection
	GlobalSection(ExtensibilityGlobals) = postSolution
		SolutionGuid = {0C27D12B-52B3-4C50-9932-C34D01A10F53}
	EndGlobalSection
EndGlobal
